// !$*UTF8*$!
{
	archiveVersion = 1;
	classes = {
	};
	objectVersion = 56;
	objects = {

/* Begin PBXBuildFile section */
		D10C4CFE2AC764110046B681 /* racingmikeproApp.swift in Sources */ = {isa = PBXBuildFile; fileRef = D10C4CFD2AC764110046B681 /* racingmikeproApp.swift */; };
		D10C4D002AC764110046B681 /* ContentView.swift in Sources */ = {isa = PBXBuildFile; fileRef = D10C4CFF2AC764110046B681 /* ContentView.swift */; };
		D10C4D022AC764130046B681 /* Assets.xcassets in Resources */ = {isa = PBXBuildFile; fileRef = D10C4D012AC764130046B681 /* Assets.xcassets */; };
		D10C4D052AC764130046B681 /* Preview Assets.xcassets in Resources */ = {isa = PBXBuildFile; fileRef = D10C4D042AC764130046B681 /* Preview Assets.xcassets */; };
		D10C4D0F2AC764130046B681 /* racingmikeproTests.swift in Sources */ = {isa = PBXBuildFile; fileRef = D10C4D0E2AC764130046B681 /* racingmikeproTests.swift */; };
		D10C4D192AC764130046B681 /* racingmikeproUITests.swift in Sources */ = {isa = PBXBuildFile; fileRef = D10C4D182AC764130046B681 /* racingmikeproUITests.swift */; };
		D10C4D1B2AC764130046B681 /* racingmikeproUITestsLaunchTests.swift in Sources */ = {isa = PBXBuildFile; fileRef = D10C4D1A2AC764130046B681 /* racingmikeproUITestsLaunchTests.swift */; };
/* End PBXBuildFile section */

/* Begin PBXContainerItemProxy section */
		D10C4D0B2AC764130046B681 /* PBXContainerItemProxy */ = {
			isa = PBXContainerItemProxy;
			containerPortal = D10C4CF22AC764110046B681 /* Project object */;
			proxyType = 1;
			remoteGlobalIDString = D10C4CF92AC764110046B681;
			remoteInfo = racingmikepro;
		};
		D10C4D152AC764130046B681 /* PBXContainerItemProxy */ = {
			isa = PBXContainerItemProxy;
			containerPortal = D10C4CF22AC764110046B681 /* Project object */;
			proxyType = 1;
			remoteGlobalIDString = D10C4CF92AC764110046B681;
			remoteInfo = racingmikepro;
		};
/* End PBXContainerItemProxy section */

/* Begin PBXFileReference section */
		D10C4CFA2AC764110046B681 /* racingmikepro.app */ = {isa = PBXFileReference; explicitFileType = wrapper.application; includeInIndex = 0; path = racingmikepro.app; sourceTree = BUILT_PRODUCTS_DIR; };
		D10C4CFD2AC764110046B681 /* racingmikeproApp.swift */ = {isa = PBXFileReference; lastKnownFileType = sourcecode.swift; path = racingmikeproApp.swift; sourceTree = "<group>"; };
		D10C4CFF2AC764110046B681 /* ContentView.swift */ = {isa = PBXFileReference; lastKnownFileType = sourcecode.swift; path = ContentView.swift; sourceTree = "<group>"; };
		D10C4D012AC764130046B681 /* Assets.xcassets */ = {isa = PBXFileReference; lastKnownFileType = folder.assetcatalog; path = Assets.xcassets; sourceTree = "<group>"; };
		D10C4D042AC764130046B681 /* Preview Assets.xcassets */ = {isa = PBXFileReference; lastKnownFileType = folder.assetcatalog; path = "Preview Assets.xcassets"; sourceTree = "<group>"; };
		D10C4D0A2AC764130046B681 /* racingmikeproTests.xctest */ = {isa = PBXFileReference; explicitFileType = wrapper.cfbundle; includeInIndex = 0; path = racingmikeproTests.xctest; sourceTree = BUILT_PRODUCTS_DIR; };
		D10C4D0E2AC764130046B681 /* racingmikeproTests.swift */ = {isa = PBXFileReference; lastKnownFileType = sourcecode.swift; path = racingmikeproTests.swift; sourceTree = "<group>"; };
		D10C4D142AC764130046B681 /* racingmikeproUITests.xctest */ = {isa = PBXFileReference; explicitFileType = wrapper.cfbundle; includeInIndex = 0; path = racingmikeproUITests.xctest; sourceTree = BUILT_PRODUCTS_DIR; };
		D10C4D182AC764130046B681 /* racingmikeproUITests.swift */ = {isa = PBXFileReference; lastKnownFileType = sourcecode.swift; path = racingmikeproUITests.swift; sourceTree = "<group>"; };
		D10C4D1A2AC764130046B681 /* racingmikeproUITestsLaunchTests.swift */ = {isa = PBXFileReference; lastKnownFileType = sourcecode.swift; path = racingmikeproUITestsLaunchTests.swift; sourceTree = "<group>"; };
/* End PBXFileReference section */

/* Begin PBXFrameworksBuildPhase section */
		D10C4CF72AC764110046B681 /* Frameworks */ = {
			isa = PBXFrameworksBuildPhase;
			buildActionMask = 2147483647;
			files = (
			);
			runOnlyForDeploymentPostprocessing = 0;
		};
		D10C4D072AC764130046B681 /* Frameworks */ = {
			isa = PBXFrameworksBuildPhase;
			buildActionMask = 2147483647;
			files = (
			);
			runOnlyForDeploymentPostprocessing = 0;
		};
		D10C4D112AC764130046B681 /* Frameworks */ = {
			isa = PBXFrameworksBuildPhase;
			buildActionMask = 2147483647;
			files = (
			);
			runOnlyForDeploymentPostprocessing = 0;
		};
/* End PBXFrameworksBuildPhase section */

/* Begin PBXGroup section */
		D10C4CF12AC764110046B681 = {
			isa = PBXGroup;
			children = (
				D10C4CFC2AC764110046B681 /* racingmikepro */,
				D10C4D0D2AC764130046B681 /* racingmikeproTests */,
				D10C4D172AC764130046B681 /* racingmikeproUITests */,
				D10C4CFB2AC764110046B681 /* Products */,
			);
			sourceTree = "<group>";
		};
		D10C4CFB2AC764110046B681 /* Products */ = {
			isa = PBXGroup;
			children = (
				D10C4CFA2AC764110046B681 /* racingmikepro.app */,
				D10C4D0A2AC764130046B681 /* racingmikeproTests.xctest */,
				D10C4D142AC764130046B681 /* racingmikeproUITests.xctest */,
			);
			name = Products;
			sourceTree = "<group>";
		};
		D10C4CFC2AC764110046B681 /* racingmikepro */ = {
			isa = PBXGroup;
			children = (
				D10C4CFD2AC764110046B681 /* racingmikeproApp.swift */,
				D10C4CFF2AC764110046B681 /* ContentView.swift */,
				D10C4D012AC764130046B681 /* Assets.xcassets */,
				D10C4D032AC764130046B681 /* Preview Content */,
			);
			path = racingmikepro;
			sourceTree = "<group>";
		};
		D10C4D032AC764130046B681 /* Preview Content */ = {
			isa = PBXGroup;
			children = (
				D10C4D042AC764130046B681 /* Preview Assets.xcassets */,
			);
			path = "Preview Content";
			sourceTree = "<group>";
		};
		D10C4D0D2AC764130046B681 /* racingmikeproTests */ = {
			isa = PBXGroup;
			children = (
				D10C4D0E2AC764130046B681 /* racingmikeproTests.swift */,
			);
			path = racingmikeproTests;
			sourceTree = "<group>";
		};
		D10C4D172AC764130046B681 /* racingmikeproUITests */ = {
			isa = PBXGroup;
			children = (
				D10C4D182AC764130046B681 /* racingmikeproUITests.swift */,
				D10C4D1A2AC764130046B681 /* racingmikeproUITestsLaunchTests.swift */,
			);
			path = racingmikeproUITests;
			sourceTree = "<group>";
		};
/* End PBXGroup section */

/* Begin PBXNativeTarget section */
		D10C4CF92AC764110046B681 /* racingmikepro */ = {
			isa = PBXNativeTarget;
			buildConfigurationList = D10C4D1E2AC764130046B681 /* Build configuration list for PBXNativeTarget "racingmikepro" */;
			buildPhases = (
				D10C4CF62AC764110046B681 /* Sources */,
				D10C4CF72AC764110046B681 /* Frameworks */,
				D10C4CF82AC764110046B681 /* Resources */,
			);
			buildRules = (
			);
			dependencies = (
			);
			name = racingmikepro;
			productName = racingmikepro;
			productReference = D10C4CFA2AC764110046B681 /* racingmikepro.app */;
			productType = "com.apple.product-type.application";
		};
		D10C4D092AC764130046B681 /* racingmikeproTests */ = {
			isa = PBXNativeTarget;
			buildConfigurationList = D10C4D212AC764130046B681 /* Build configuration list for PBXNativeTarget "racingmikeproTests" */;
			buildPhases = (
				D10C4D062AC764130046B681 /* Sources */,
				D10C4D072AC764130046B681 /* Frameworks */,
				D10C4D082AC764130046B681 /* Resources */,
			);
			buildRules = (
			);
			dependencies = (
				D10C4D0C2AC764130046B681 /* PBXTargetDependency */,
			);
			name = racingmikeproTests;
			productName = racingmikeproTests;
			productReference = D10C4D0A2AC764130046B681 /* racingmikeproTests.xctest */;
			productType = "com.apple.product-type.bundle.unit-test";
		};
		D10C4D132AC764130046B681 /* racingmikeproUITests */ = {
			isa = PBXNativeTarget;
			buildConfigurationList = D10C4D242AC764130046B681 /* Build configuration list for PBXNativeTarget "racingmikeproUITests" */;
			buildPhases = (
				D10C4D102AC764130046B681 /* Sources */,
				D10C4D112AC764130046B681 /* Frameworks */,
				D10C4D122AC764130046B681 /* Resources */,
			);
			buildRules = (
			);
			dependencies = (
				D10C4D162AC764130046B681 /* PBXTargetDependency */,
			);
			name = racingmikeproUITests;
			productName = racingmikeproUITests;
			productReference = D10C4D142AC764130046B681 /* racingmikeproUITests.xctest */;
			productType = "com.apple.product-type.bundle.ui-testing";
		};
/* End PBXNativeTarget section */

/* Begin PBXProject section */
		D10C4CF22AC764110046B681 /* Project object */ = {
			isa = PBXProject;
			attributes = {
				BuildIndependentTargetsInParallel = 1;
				LastSwiftUpdateCheck = 1500;
				LastUpgradeCheck = 1500;
				TargetAttributes = {
					D10C4CF92AC764110046B681 = {
						CreatedOnToolsVersion = 15.0;
					};
					D10C4D092AC764130046B681 = {
						CreatedOnToolsVersion = 15.0;
						TestTargetID = D10C4CF92AC764110046B681;
					};
					D10C4D132AC764130046B681 = {
						CreatedOnToolsVersion = 15.0;
						TestTargetID = D10C4CF92AC764110046B681;
					};
				};
			};
			buildConfigurationList = D10C4CF52AC764110046B681 /* Build configuration list for PBXProject "racingmikepro" */;
			compatibilityVersion = "Xcode 14.0";
			developmentRegion = en;
			hasScannedForEncodings = 0;
			knownRegions = (
				en,
				Base,
			);
			mainGroup = D10C4CF12AC764110046B681;
			productRefGroup = D10C4CFB2AC764110046B681 /* Products */;
			projectDirPath = "";
			projectRoot = "";
			targets = (
				D10C4CF92AC764110046B681 /* racingmikepro */,
				D10C4D092AC764130046B681 /* racingmikeproTests */,
				D10C4D132AC764130046B681 /* racingmikeproUITests */,
			);
		};
/* End PBXProject section */

/* Begin PBXResourcesBuildPhase section */
		D10C4CF82AC764110046B681 /* Resources */ = {
			isa = PBXResourcesBuildPhase;
			buildActionMask = 2147483647;
			files = (
				D10C4D052AC764130046B681 /* Preview Assets.xcassets in Resources */,
				D10C4D022AC764130046B681 /* Assets.xcassets in Resources */,
			);
			runOnlyForDeploymentPostprocessing = 0;
		};
		D10C4D082AC764130046B681 /* Resources */ = {
			isa = PBXResourcesBuildPhase;
			buildActionMask = 2147483647;
			files = (
			);
			runOnlyForDeploymentPostprocessing = 0;
		};
		D10C4D122AC764130046B681 /* Resources */ = {
			isa = PBXResourcesBuildPhase;
			buildActionMask = 2147483647;
			files = (
			);
			runOnlyForDeploymentPostprocessing = 0;
		};
/* End PBXResourcesBuildPhase section */

/* Begin PBXSourcesBuildPhase section */
		D10C4CF62AC764110046B681 /* Sources */ = {
			isa = PBXSourcesBuildPhase;
			buildActionMask = 2147483647;
			files = (
				D10C4D002AC764110046B681 /* ContentView.swift in Sources */,
				D10C4CFE2AC764110046B681 /* racingmikeproApp.swift in Sources */,
			);
			runOnlyForDeploymentPostprocessing = 0;
		};
		D10C4D062AC764130046B681 /* Sources */ = {
			isa = PBXSourcesBuildPhase;
			buildActionMask = 2147483647;
			files = (
				D10C4D0F2AC764130046B681 /* racingmikeproTests.swift in Sources */,
			);
			runOnlyForDeploymentPostprocessing = 0;
		};
		D10C4D102AC764130046B681 /* Sources */ = {
			isa = PBXSourcesBuildPhase;
			buildActionMask = 2147483647;
			files = (
				D10C4D1B2AC764130046B681 /* racingmikeproUITestsLaunchTests.swift in Sources */,
				D10C4D192AC764130046B681 /* racingmikeproUITests.swift in Sources */,
			);
			runOnlyForDeploymentPostprocessing = 0;
		};
/* End PBXSourcesBuildPhase section */

/* Begin PBXTargetDependency section */
		D10C4D0C2AC764130046B681 /* PBXTargetDependency */ = {
			isa = PBXTargetDependency;
			target = D10C4CF92AC764110046B681 /* racingmikepro */;
			targetProxy = D10C4D0B2AC764130046B681 /* PBXContainerItemProxy */;
		};
		D10C4D162AC764130046B681 /* PBXTargetDependency */ = {
			isa = PBXTargetDependency;
			target = D10C4CF92AC764110046B681 /* racingmikepro */;
			targetProxy = D10C4D152AC764130046B681 /* PBXContainerItemProxy */;
		};
/* End PBXTargetDependency section */

/* Begin XCBuildConfiguration section */
		D10C4D1C2AC764130046B681 /* Debug */ = {
			isa = XCBuildConfiguration;
			buildSettings = {
				ALWAYS_SEARCH_USER_PATHS = NO;
				ASSETCATALOG_COMPILER_GENERATE_SWIFT_ASSET_SYMBOL_EXTENSIONS = YES;
				CLANG_ANALYZER_NONNULL = YES;
				CLANG_ANALYZER_NUMBER_OBJECT_CONVERSION = YES_AGGRESSIVE;
				CLANG_CXX_LANGUAGE_STANDARD = "gnu++20";
				CLANG_ENABLE_MODULES = YES;
				CLANG_ENABLE_OBJC_ARC = YES;
				CLANG_ENABLE_OBJC_WEAK = YES;
				CLANG_WARN_BLOCK_CAPTURE_AUTORELEASING = YES;
				CLANG_WARN_BOOL_CONVERSION = YES;
				CLANG_WARN_COMMA = YES;
				CLANG_WARN_CONSTANT_CONVERSION = YES;
				CLANG_WARN_DEPRECATED_OBJC_IMPLEMENTATIONS = YES;
				CLANG_WARN_DIRECT_OBJC_ISA_USAGE = YES_ERROR;
				CLANG_WARN_DOCUMENTATION_COMMENTS = YES;
				CLANG_WARN_EMPTY_BODY = YES;
				CLANG_WARN_ENUM_CONVERSION = YES;
				CLANG_WARN_INFINITE_RECURSION = YES;
				CLANG_WARN_INT_CONVERSION = YES;
				CLANG_WARN_NON_LITERAL_NULL_CONVERSION = YES;
				CLANG_WARN_OBJC_IMPLICIT_RETAIN_SELF = YES;
				CLANG_WARN_OBJC_LITERAL_CONVERSION = YES;
				CLANG_WARN_OBJC_ROOT_CLASS = YES_ERROR;
				CLANG_WARN_QUOTED_INCLUDE_IN_FRAMEWORK_HEADER = YES;
				CLANG_WARN_RANGE_LOOP_ANALYSIS = YES;
				CLANG_WARN_STRICT_PROTOTYPES = YES;
				CLANG_WARN_SUSPICIOUS_MOVE = YES;
				CLANG_WARN_UNGUARDED_AVAILABILITY = YES_AGGRESSIVE;
				CLANG_WARN_UNREACHABLE_CODE = YES;
				CLANG_WARN__DUPLICATE_METHOD_MATCH = YES;
				COPY_PHASE_STRIP = NO;
				DEBUG_INFORMATION_FORMAT = dwarf;
				ENABLE_STRICT_OBJC_MSGSEND = YES;
				ENABLE_TESTABILITY = YES;
				ENABLE_USER_SCRIPT_SANDBOXING = YES;
				GCC_C_LANGUAGE_STANDARD = gnu17;
				GCC_DYNAMIC_NO_PIC = NO;
				GCC_NO_COMMON_BLOCKS = YES;
				GCC_OPTIMIZATION_LEVEL = 0;
				GCC_PREPROCESSOR_DEFINITIONS = (
					"DEBUG=1",
					"$(inherited)",
				);
				GCC_WARN_64_TO_32_BIT_CONVERSION = YES;
				GCC_WARN_ABOUT_RETURN_TYPE = YES_ERROR;
				GCC_WARN_UNDECLARED_SELECTOR = YES;
				GCC_WARN_UNINITIALIZED_AUTOS = YES_AGGRESSIVE;
				GCC_WARN_UNUSED_FUNCTION = YES;
				GCC_WARN_UNUSED_VARIABLE = YES;
				IPHONEOS_DEPLOYMENT_TARGET = 17.0;
				LOCALIZATION_PREFERS_STRING_CATALOGS = YES;
				MTL_ENABLE_DEBUG_INFO = INCLUDE_SOURCE;
				MTL_FAST_MATH = YES;
				ONLY_ACTIVE_ARCH = YES;
				SDKROOT = iphoneos;
				SWIFT_ACTIVE_COMPILATION_CONDITIONS = "DEBUG $(inherited)";
				SWIFT_OPTIMIZATION_LEVEL = "-Onone";
			};
			name = Debug;
		};
		D10C4D1D2AC764130046B681 /* Release */ = {
			isa = XCBuildConfiguration;
			buildSettings = {
				ALWAYS_SEARCH_USER_PATHS = NO;
				ASSETCATALOG_COMPILER_GENERATE_SWIFT_ASSET_SYMBOL_EXTENSIONS = YES;
				CLANG_ANALYZER_NONNULL = YES;
				CLANG_ANALYZER_NUMBER_OBJECT_CONVERSION = YES_AGGRESSIVE;
				CLANG_CXX_LANGUAGE_STANDARD = "gnu++20";
				CLANG_ENABLE_MODULES = YES;
				CLANG_ENABLE_OBJC_ARC = YES;
				CLANG_ENABLE_OBJC_WEAK = YES;
				CLANG_WARN_BLOCK_CAPTURE_AUTORELEASING = YES;
				CLANG_WARN_BOOL_CONVERSION = YES;
				CLANG_WARN_COMMA = YES;
				CLANG_WARN_CONSTANT_CONVERSION = YES;
				CLANG_WARN_DEPRECATED_OBJC_IMPLEMENTATIONS = YES;
				CLANG_WARN_DIRECT_OBJC_ISA_USAGE = YES_ERROR;
				CLANG_WARN_DOCUMENTATION_COMMENTS = YES;
				CLANG_WARN_EMPTY_BODY = YES;
				CLANG_WARN_ENUM_CONVERSION = YES;
				CLANG_WARN_INFINITE_RECURSION = YES;
				CLANG_WARN_INT_CONVERSION = YES;
				CLANG_WARN_NON_LITERAL_NULL_CONVERSION = YES;
				CLANG_WARN_OBJC_IMPLICIT_RETAIN_SELF = YES;
				CLANG_WARN_OBJC_LITERAL_CONVERSION = YES;
				CLANG_WARN_OBJC_ROOT_CLASS = YES_ERROR;
				CLANG_WARN_QUOTED_INCLUDE_IN_FRAMEWORK_HEADER = YES;
				CLANG_WARN_RANGE_LOOP_ANALYSIS = YES;
				CLANG_WARN_STRICT_PROTOTYPES = YES;
				CLANG_WARN_SUSPICIOUS_MOVE = YES;
				CLANG_WARN_UNGUARDED_AVAILABILITY = YES_AGGRESSIVE;
				CLANG_WARN_UNREACHABLE_CODE = YES;
				CLANG_WARN__DUPLICATE_METHOD_MATCH = YES;
				COPY_PHASE_STRIP = NO;
				DEBUG_INFORMATION_FORMAT = "dwarf-with-dsym";
				ENABLE_NS_ASSERTIONS = NO;
				ENABLE_STRICT_OBJC_MSGSEND = YES;
				ENABLE_USER_SCRIPT_SANDBOXING = YES;
				GCC_C_LANGUAGE_STANDARD = gnu17;
				GCC_NO_COMMON_BLOCKS = YES;
				GCC_WARN_64_TO_32_BIT_CONVERSION = YES;
				GCC_WARN_ABOUT_RETURN_TYPE = YES_ERROR;
				GCC_WARN_UNDECLARED_SELECTOR = YES;
				GCC_WARN_UNINITIALIZED_AUTOS = YES_AGGRESSIVE;
				GCC_WARN_UNUSED_FUNCTION = YES;
				GCC_WARN_UNUSED_VARIABLE = YES;
				IPHONEOS_DEPLOYMENT_TARGET = 17.0;
				LOCALIZATION_PREFERS_STRING_CATALOGS = YES;
				MTL_ENABLE_DEBUG_INFO = NO;
				MTL_FAST_MATH = YES;
				SDKROOT = iphoneos;
				SWIFT_COMPILATION_MODE = wholemodule;
				VALIDATE_PRODUCT = YES;
			};
			name = Release;
		};
		D10C4D1F2AC764130046B681 /* Debug */ = {
			isa = XCBuildConfiguration;
			buildSettings = {
				ASSETCATALOG_COMPILER_APPICON_NAME = AppIcon;
				ASSETCATALOG_COMPILER_GLOBAL_ACCENT_COLOR_NAME = AccentColor;
				CODE_SIGN_STYLE = Automatic;
				CURRENT_PROJECT_VERSION = 1;
				DEVELOPMENT_ASSET_PATHS = "\"racingmikepro/Preview Content\"";
				DEVELOPMENT_TEAM = G99A9VJCNA;
				ENABLE_PREVIEWS = YES;
				GENERATE_INFOPLIST_FILE = YES;
				INFOPLIST_KEY_UIApplicationSceneManifest_Generation = YES;
				INFOPLIST_KEY_UIApplicationSupportsIndirectInputEvents = YES;
				INFOPLIST_KEY_UILaunchScreen_Generation = YES;
				INFOPLIST_KEY_UISupportedInterfaceOrientations_iPad = "UIInterfaceOrientationPortrait UIInterfaceOrientationPortraitUpsideDown UIInterfaceOrientationLandscapeLeft UIInterfaceOrientationLandscapeRight";
				INFOPLIST_KEY_UISupportedInterfaceOrientations_iPhone = "UIInterfaceOrientationPortrait UIInterfaceOrientationLandscapeLeft UIInterfaceOrientationLandscapeRight";
				LD_RUNPATH_SEARCH_PATHS = (
					"$(inherited)",
					"@executable_path/Frameworks",
				);
				MARKETING_VERSION = 1.0;
				PRODUCT_BUNDLE_IDENTIFIER = com.hackmike.racingmikepro;
				PRODUCT_NAME = "$(TARGET_NAME)";
				SWIFT_EMIT_LOC_STRINGS = YES;
				SWIFT_VERSION = 5.0;
				TARGETED_DEVICE_FAMILY = "1,2";
			};
			name = Debug;
		};
		D10C4D202AC764130046B681 /* Release */ = {
			isa = XCBuildConfiguration;
			buildSettings = {
				ASSETCATALOG_COMPILER_APPICON_NAME = AppIcon;
				ASSETCATALOG_COMPILER_GLOBAL_ACCENT_COLOR_NAME = AccentColor;
				CODE_SIGN_STYLE = Automatic;
				CURRENT_PROJECT_VERSION = 1;
				DEVELOPMENT_ASSET_PATHS = "\"racingmikepro/Preview Content\"";
				DEVELOPMENT_TEAM = G99A9VJCNA;
				ENABLE_PREVIEWS = YES;
				GENERATE_INFOPLIST_FILE = YES;
				INFOPLIST_KEY_UIApplicationSceneManifest_Generation = YES;
				INFOPLIST_KEY_UIApplicationSupportsIndirectInputEvents = YES;
				INFOPLIST_KEY_UILaunchScreen_Generation = YES;
				INFOPLIST_KEY_UISupportedInterfaceOrientations_iPad = "UIInterfaceOrientationPortrait UIInterfaceOrientationPortraitUpsideDown UIInterfaceOrientationLandscapeLeft UIInterfaceOrientationLandscapeRight";
				INFOPLIST_KEY_UISupportedInterfaceOrientations_iPhone = "UIInterfaceOrientationPortrait UIInterfaceOrientationLandscapeLeft UIInterfaceOrientationLandscapeRight";
				LD_RUNPATH_SEARCH_PATHS = (
					"$(inherited)",
					"@executable_path/Frameworks",
				);
				MARKETING_VERSION = 1.0;
				PRODUCT_BUNDLE_IDENTIFIER = com.hackmike.racingmikepro;
				PRODUCT_NAME = "$(TARGET_NAME)";
				SWIFT_EMIT_LOC_STRINGS = YES;
				SWIFT_VERSION = 5.0;
				TARGETED_DEVICE_FAMILY = "1,2";
			};
			name = Release;
		};
		D10C4D222AC764130046B681 /* Debug */ = {
			isa = XCBuildConfiguration;
			buildSettings = {
				ALWAYS_EMBED_SWIFT_STANDARD_LIBRARIES = YES;
				BUNDLE_LOADER = "$(TEST_HOST)";
				CODE_SIGN_STYLE = Automatic;
				CURRENT_PROJECT_VERSION = 1;
				DEVELOPMENT_TEAM = G99A9VJCNA;
				GENERATE_INFOPLIST_FILE = YES;
				IPHONEOS_DEPLOYMENT_TARGET = 17.0;
				MARKETING_VERSION = 1.0;
				PRODUCT_BUNDLE_IDENTIFIER = com.hackmike.racingmikeproTests;
				PRODUCT_NAME = "$(TARGET_NAME)";
				SWIFT_EMIT_LOC_STRINGS = NO;
				SWIFT_VERSION = 5.0;
				TARGETED_DEVICE_FAMILY = "1,2";
				TEST_HOST = "$(BUILT_PRODUCTS_DIR)/racingmikepro.app/$(BUNDLE_EXECUTABLE_FOLDER_PATH)/racingmikepro";
			};
			name = Debug;
		};
		D10C4D232AC764130046B681 /* Release */ = {
			isa = XCBuildConfiguration;
			buildSettings = {
				ALWAYS_EMBED_SWIFT_STANDARD_LIBRARIES = YES;
				BUNDLE_LOADER = "$(TEST_HOST)";
				CODE_SIGN_STYLE = Automatic;
				CURRENT_PROJECT_VERSION = 1;
				DEVELOPMENT_TEAM = G99A9VJCNA;
				GENERATE_INFOPLIST_FILE = YES;
				IPHONEOS_DEPLOYMENT_TARGET = 17.0;
				MARKETING_VERSION = 1.0;
				PRODUCT_BUNDLE_IDENTIFIER = com.hackmike.racingmikeproTests;
				PRODUCT_NAME = "$(TARGET_NAME)";
				SWIFT_EMIT_LOC_STRINGS = NO;
				SWIFT_VERSION = 5.0;
				TARGETED_DEVICE_FAMILY = "1,2";
				TEST_HOST = "$(BUILT_PRODUCTS_DIR)/racingmikepro.app/$(BUNDLE_EXECUTABLE_FOLDER_PATH)/racingmikepro";
			};
			name = Release;
		};
		D10C4D252AC764130046B681 /* Debug */ = {
			isa = XCBuildConfiguration;
			buildSettings = {
				ALWAYS_EMBED_SWIFT_STANDARD_LIBRARIES = YES;
				CODE_SIGN_STYLE = Automatic;
				CURRENT_PROJECT_VERSION = 1;
				DEVELOPMENT_TEAM = G99A9VJCNA;
				GENERATE_INFOPLIST_FILE = YES;
				MARKETING_VERSION = 1.0;
				PRODUCT_BUNDLE_IDENTIFIER = com.hackmike.racingmikeproUITests;
				PRODUCT_NAME = "$(TARGET_NAME)";
				SWIFT_EMIT_LOC_STRINGS = NO;
				SWIFT_VERSION = 5.0;
				TARGETED_DEVICE_FAMILY = "1,2";
				TEST_TARGET_NAME = racingmikepro;
			};
			name = Debug;
		};
		D10C4D262AC764130046B681 /* Release */ = {
			isa = XCBuildConfiguration;
			buildSettings = {
				ALWAYS_EMBED_SWIFT_STANDARD_LIBRARIES = YES;
				CODE_SIGN_STYLE = Automatic;
				CURRENT_PROJECT_VERSION = 1;
				DEVELOPMENT_TEAM = G99A9VJCNA;
				GENERATE_INFOPLIST_FILE = YES;
				MARKETING_VERSION = 1.0;
				PRODUCT_BUNDLE_IDENTIFIER = com.hackmike.racingmikeproUITests;
				PRODUCT_NAME = "$(TARGET_NAME)";
				SWIFT_EMIT_LOC_STRINGS = NO;
				SWIFT_VERSION = 5.0;
				TARGETED_DEVICE_FAMILY = "1,2";
				TEST_TARGET_NAME = racingmikepro;
			};
			name = Release;
		};
/* End XCBuildConfiguration section */

/* Begin XCConfigurationList section */
		D10C4CF52AC764110046B681 /* Build configuration list for PBXProject "racingmikepro" */ = {
			isa = XCConfigurationList;
			buildConfigurations = (
				D10C4D1C2AC764130046B681 /* Debug */,
				D10C4D1D2AC764130046B681 /* Release */,
			);
			defaultConfigurationIsVisible = 0;
			defaultConfigurationName = Release;
		};
		D10C4D1E2AC764130046B681 /* Build configuration list for PBXNativeTarget "racingmikepro" */ = {
			isa = XCConfigurationList;
			buildConfigurations = (
				D10C4D1F2AC764130046B681 /* Debug */,
				D10C4D202AC764130046B681 /* Release */,
			);
			defaultConfigurationIsVisible = 0;
			defaultConfigurationName = Release;
		};
		D10C4D212AC764130046B681 /* Build configuration list for PBXNativeTarget "racingmikeproTests" */ = {
			isa = XCConfigurationList;
			buildConfigurations = (
				D10C4D222AC764130046B681 /* Debug */,
				D10C4D232AC764130046B681 /* Release */,
			);
			defaultConfigurationIsVisible = 0;
			defaultConfigurationName = Release;
		};
		D10C4D242AC764130046B681 /* Build configuration list for PBXNativeTarget "racingmikeproUITests" */ = {
			isa = XCConfigurationList;
			buildConfigurations = (
				D10C4D252AC764130046B681 /* Debug */,
				D10C4D262AC764130046B681 /* Release */,
			);
			defaultConfigurationIsVisible = 0;
			defaultConfigurationName = Release;
		};
/* End XCConfigurationList section */
	};
	rootObject = D10C4CF22AC764110046B681 /* Project object */;
}
